// !$*UTF8*$!
{
	archiveVersion = 1;
	classes = {
	};
	objectVersion = 46;
	objects = {

/* Begin PBXBuildFile section */
		9BA9BB541D6FEA4C00A579CA /* main.m in Sources */ = {isa = PBXBuildFile; fileRef = 9BA9BB531D6FEA4C00A579CA /* main.m */; };
		9BA9BB571D6FEA4C00A579CA /* AppDelegate.m in Sources */ = {isa = PBXBuildFile; fileRef = 9BA9BB561D6FEA4C00A579CA /* AppDelegate.m */; };
		9BA9BB5A1D6FEA4C00A579CA /* ViewController.m in Sources */ = {isa = PBXBuildFile; fileRef = 9BA9BB591D6FEA4C00A579CA /* ViewController.m */; };
		9BA9BB5D1D6FEA4C00A579CA /* Main.storyboard in Resources */ = {isa = PBXBuildFile; fileRef = 9BA9BB5B1D6FEA4C00A579CA /* Main.storyboard */; };
		9BA9BB5F1D6FEA4C00A579CA /* Assets.xcassets in Resources */ = {isa = PBXBuildFile; fileRef = 9BA9BB5E1D6FEA4C00A579CA /* Assets.xcassets */; };
		9BA9BB621D6FEA4C00A579CA /* LaunchScreen.storyboard in Resources */ = {isa = PBXBuildFile; fileRef = 9BA9BB601D6FEA4C00A579CA /* LaunchScreen.storyboard */; };
/* End PBXBuildFile section */

/* Begin PBXFileReference section */
		9BA9BB4F1D6FEA4C00A579CA /* KtBacktraceLogger.app */ = {isa = PBXFileReference; explicitFileType = wrapper.application; includeInIndex = 0; path = KtBacktraceLogger.app; sourceTree = BUILT_PRODUCTS_DIR; };
		9BA9BB531D6FEA4C00A579CA /* main.m */ = {isa = PBXFileReference; lastKnownFileType = sourcecode.c.objc; path = main.m; sourceTree = "<group>"; };
		9BA9BB551D6FEA4C00A579CA /* AppDelegate.h */ = {isa = PBXFileReference; lastKnownFileType = sourcecode.c.h; path = AppDelegate.h; sourceTree = "<group>"; };
		9BA9BB561D6FEA4C00A579CA /* AppDelegate.m */ = {isa = PBXFileReference; lastKnownFileType = sourcecode.c.objc; path = AppDelegate.m; sourceTree = "<group>"; };
		9BA9BB581D6FEA4C00A579CA /* ViewController.h */ = {isa = PBXFileReference; lastKnownFileType = sourcecode.c.h; path = ViewController.h; sourceTree = "<group>"; };
		9BA9BB591D6FEA4C00A579CA /* ViewController.m */ = {isa = PBXFileReference; lastKnownFileType = sourcecode.c.objc; path = ViewController.m; sourceTree = "<group>"; };
		9BA9BB5C1D6FEA4C00A579CA /* Base */ = {isa = PBXFileReference; lastKnownFileType = file.storyboard; name = Base; path = Base.lproj/Main.storyboard; sourceTree = "<group>"; };
		9BA9BB5E1D6FEA4C00A579CA /* Assets.xcassets */ = {isa = PBXFileReference; lastKnownFileType = folder.assetcatalog; path = Assets.xcassets; sourceTree = "<group>"; };
		9BA9BB611D6FEA4C00A579CA /* Base */ = {isa = PBXFileReference; lastKnownFileType = file.storyboard; name = Base; path = Base.lproj/LaunchScreen.storyboard; sourceTree = "<group>"; };
		9BA9BB631D6FEA4C00A579CA /* Info.plist */ = {isa = PBXFileReference; lastKnownFileType = text.plist.xml; path = Info.plist; sourceTree = "<group>"; };
/* End PBXFileReference section */

/* Begin PBXFrameworksBuildPhase section */
		9BA9BB4C1D6FEA4C00A579CA /* Frameworks */ = {
			isa = PBXFrameworksBuildPhase;
			buildActionMask = 2147483647;
			files = (
			);
			runOnlyForDeploymentPostprocessing = 0;
		};
/* End PBXFrameworksBuildPhase section */

/* Begin PBXGroup section */
		9BA9BB461D6FEA4C00A579CA = {
			isa = PBXGroup;
			children = (
				9BA9BB511D6FEA4C00A579CA /* KtBacktraceLogger */,
				9BA9BB501D6FEA4C00A579CA /* Products */,
			);
			sourceTree = "<group>";
		};
		9BA9BB501D6FEA4C00A579CA /* Products */ = {
			isa = PBXGroup;
			children = (
				9BA9BB4F1D6FEA4C00A579CA /* KtBacktraceLogger.app */,
			);
			name = Products;
			sourceTree = "<group>";
		};
		9BA9BB511D6FEA4C00A579CA /* KtBacktraceLogger */ = {
			isa = PBXGroup;
			children = (
				9BA9BB551D6FEA4C00A579CA /* AppDelegate.h */,
				9BA9BB561D6FEA4C00A579CA /* AppDelegate.m */,
				9BA9BB581D6FEA4C00A579CA /* ViewController.h */,
				9BA9BB591D6FEA4C00A579CA /* ViewController.m */,
				9BA9BB5B1D6FEA4C00A579CA /* Main.storyboard */,
				9BA9BB5E1D6FEA4C00A579CA /* Assets.xcassets */,
				9BA9BB601D6FEA4C00A579CA /* LaunchScreen.storyboard */,
				9BA9BB631D6FEA4C00A579CA /* Info.plist */,
				9BA9BB521D6FEA4C00A579CA /* Supporting Files */,
			);
			path = KtBacktraceLogger;
			sourceTree = "<group>";
		};
		9BA9BB521D6FEA4C00A579CA /* Supporting Files */ = {
			isa = PBXGroup;
			children = (
				9BA9BB531D6FEA4C00A579CA /* main.m */,
			);
			name = "Supporting Files";
			sourceTree = "<group>";
		};
/* End PBXGroup section */

/* Begin PBXNativeTarget section */
		9BA9BB4E1D6FEA4C00A579CA /* KtBacktraceLogger */ = {
			isa = PBXNativeTarget;
			buildConfigurationList = 9BA9BB661D6FEA4C00A579CA /* Build configuration list for PBXNativeTarget "KtBacktraceLogger" */;
			buildPhases = (
				9BA9BB4B1D6FEA4C00A579CA /* Sources */,
				9BA9BB4C1D6FEA4C00A579CA /* Frameworks */,
				9BA9BB4D1D6FEA4C00A579CA /* Resources */,
			);
			buildRules = (
			);
			dependencies = (
			);
			name = KtBacktraceLogger;
			productName = KtBacktraceLogger;
			productReference = 9BA9BB4F1D6FEA4C00A579CA /* KtBacktraceLogger.app */;
			productType = "com.apple.product-type.application";
		};
/* End PBXNativeTarget section */

/* Begin PBXProject section */
		9BA9BB471D6FEA4C00A579CA /* Project object */ = {
			isa = PBXProject;
			attributes = {
				LastUpgradeCheck = 0730;
				ORGANIZATIONNAME = bestswifter;
				TargetAttributes = {
					9BA9BB4E1D6FEA4C00A579CA = {
						CreatedOnToolsVersion = 7.3.1;
						DevelopmentTeam = U2HX3RFD94;
					};
				};
			};
			buildConfigurationList = 9BA9BB4A1D6FEA4C00A579CA /* Build configuration list for PBXProject "KtBacktraceLogger" */;
			compatibilityVersion = "Xcode 3.2";
			developmentRegion = English;
			hasScannedForEncodings = 0;
			knownRegions = (
				en,
				Base,
			);
			mainGroup = 9BA9BB461D6FEA4C00A579CA;
			productRefGroup = 9BA9BB501D6FEA4C00A579CA /* Products */;
			projectDirPath = "";
			projectRoot = "";
			targets = (
				9BA9BB4E1D6FEA4C00A579CA /* KtBacktraceLogger */,
			);
		};
/* End PBXProject section */

/* Begin PBXResourcesBuildPhase section */
		9BA9BB4D1D6FEA4C00A579CA /* Resources */ = {
			isa = PBXResourcesBuildPhase;
			buildActionMask = 2147483647;
			files = (
				9BA9BB621D6FEA4C00A579CA /* LaunchScreen.storyboard in Resources */,
				9BA9BB5F1D6FEA4C00A579CA /* Assets.xcassets in Resources */,
				9BA9BB5D1D6FEA4C00A579CA /* Main.storyboard in Resources */,
			);
			runOnlyForDeploymentPostprocessing = 0;
		};
/* End PBXResourcesBuildPhase section */

/* Begin PBXSourcesBuildPhase section */
		9BA9BB4B1D6FEA4C00A579CA /* Sources */ = {
			isa = PBXSourcesBuildPhase;
			buildActionMask = 2147483647;
			files = (
				9BA9BB5A1D6FEA4C00A579CA /* ViewController.m in Sources */,
				9BA9BB571D6FEA4C00A579CA /* AppDelegate.m in Sources */,
				9BA9BB541D6FEA4C00A579CA /* main.m in Sources */,
			);
			runOnlyForDeploymentPostprocessing = 0;
		};
/* End PBXSourcesBuildPhase section */

/* Begin PBXVariantGroup section */
		9BA9BB5B1D6FEA4C00A579CA /* Main.storyboard */ = {
			isa = PBXVariantGroup;
			children = (
				9BA9BB5C1D6FEA4C00A579CA /* Base */,
			);
			name = Main.storyboard;
			sourceTree = "<group>";
		};
		9BA9BB601D6FEA4C00A579CA /* LaunchScreen.storyboard */ = {
			isa = PBXVariantGroup;
			children = (
				9BA9BB611D6FEA4C00A579CA /* Base */,
			);
			name = LaunchScreen.storyboard;
			sourceTree = "<group>";
		};
/* End PBXVariantGroup section */

/* Begin XCBuildConfiguration section */
		9BA9BB641D6FEA4C00A579CA /* Debug */ = {
			isa = XCBuildConfiguration;
			buildSettings = {
				ALWAYS_SEARCH_USER_PATHS = NO;
				CLANG_ANALYZER_NONNULL = YES;
				CLANG_CXX_LANGUAGE_STANDARD = "gnu++0x";
				CLANG_CXX_LIBRARY = "libc++";
				CLANG_ENABLE_MODULES = YES;
				CLANG_ENABLE_OBJC_ARC = YES;
				CLANG_WARN_BOOL_CONVERSION = YES;
				CLANG_WARN_CONSTANT_CONVERSION = YES;
				CLANG_WARN_DIRECT_OBJC_ISA_USAGE = YES_ERROR;
				CLANG_WARN_EMPTY_BODY = YES;
				CLANG_WARN_ENUM_CONVERSION = YES;
				CLANG_WARN_INT_CONVERSION = YES;
				CLANG_WARN_OBJC_ROOT_CLASS = YES_ERROR;
				CLANG_WARN_UNREACHABLE_CODE = YES;
				CLANG_WARN__DUPLICATE_METHOD_MATCH = YES;
				"CODE_SIGN_IDENTITY[sdk=iphoneos*]" = "iPhone Developer";
				COPY_PHASE_STRIP = NO;
				DEBUG_INFORMATION_FORMAT = dwarf;
				ENABLE_STRICT_OBJC_MSGSEND = YES;
				ENABLE_TESTABILITY = YES;
				GCC_C_LANGUAGE_STANDARD = gnu99;
				GCC_DYNAMIC_NO_PIC = NO;
				GCC_NO_COMMON_BLOCKS = YES;
				GCC_OPTIMIZATION_LEVEL = 0;
				GCC_PREPROCESSOR_DEFINITIONS = (
					"DEBUG=1",
					"$(inherited)",
				);
				GCC_WARN_64_TO_32_BIT_CONVERSION = YES;
				GCC_WARN_ABOUT_RETURN_TYPE = YES_ERROR;
				GCC_WARN_UNDECLARED_SELECTOR = YES;
				GCC_WARN_UNINITIALIZED_AUTOS = YES_AGGRESSIVE;
				GCC_WARN_UNUSED_FUNCTION = YES;
				GCC_WARN_UNUSED_VARIABLE = YES;
				IPHONEOS_DEPLOYMENT_TARGET = 9.3;
				MTL_ENABLE_DEBUG_INFO = YES;
				ONLY_ACTIVE_ARCH = YES;
				SDKROOT = iphoneos;
				TARGETED_DEVICE_FAMILY = "1,2";
			};
			name = Debug;
		};
		9BA9BB651D6FEA4C00A579CA /* Release */ = {
			isa = XCBuildConfiguration;
			buildSettings = {
				ALWAYS_SEARCH_USER_PATHS = NO;
				CLANG_ANALYZER_NONNULL = YES;
				CLANG_CXX_LANGUAGE_STANDARD = "gnu++0x";
				CLANG_CXX_LIBRARY = "libc++";
				CLANG_ENABLE_MODULES = YES;
				CLANG_ENABLE_OBJC_ARC = YES;
				CLANG_WARN_BOOL_CONVERSION = YES;
				CLANG_WARN_CONSTANT_CONVERSION = YES;
				CLANG_WARN_DIRECT_OBJC_ISA_USAGE = YES_ERROR;
				CLANG_WARN_EMPTY_BODY = YES;
				CLANG_WARN_ENUM_CONVERSION = YES;
				CLANG_WARN_INT_CONVERSION = YES;
				CLANG_WARN_OBJC_ROOT_CLASS = YES_ERROR;
				CLANG_WARN_UNREACHABLE_CODE = YES;
				CLANG_WARN__DUPLICATE_METHOD_MATCH = YES;
				"CODE_SIGN_IDENTITY[sdk=iphoneos*]" = "iPhone Developer";
				COPY_PHASE_STRIP = NO;
				DEBUG_INFORMATION_FORMAT = "dwarf-with-dsym";
				ENABLE_NS_ASSERTIONS = NO;
				ENABLE_STRICT_OBJC_MSGSEND = YES;
				GCC_C_LANGUAGE_STANDARD = gnu99;
				GCC_NO_COMMON_BLOCKS = YES;
				GCC_WARN_64_TO_32_BIT_CONVERSION = YES;
				GCC_WARN_ABOUT_RETURN_TYPE = YES_ERROR;
				GCC_WARN_UNDECLARED_SELECTOR = YES;
				GCC_WARN_UNINITIALIZED_AUTOS = YES_AGGRESSIVE;
				GCC_WARN_UNUSED_FUNCTION = YES;
				GCC_WARN_UNUSED_VARIABLE = YES;
				IPHONEOS_DEPLOYMENT_TARGET = 9.3;
				MTL_ENABLE_DEBUG_INFO = NO;
				SDKROOT = iphoneos;
				TARGETED_DEVICE_FAMILY = "1,2";
				VALIDATE_PRODUCT = YES;
			};
			name = Release;
		};
		9BA9BB671D6FEA4C00A579CA /* Debug */ = {
			isa = XCBuildConfiguration;
			buildSettings = {
				ASSETCATALOG_COMPILER_APPICON_NAME = AppIcon;
				GCC_SYMBOLS_PRIVATE_EXTERN = YES;
				INFOPLIST_FILE = KtBacktraceLogger/Info.plist;
				LD_RUNPATH_SEARCH_PATHS = "$(inherited) @executable_path/Frameworks";
				PRODUCT_BUNDLE_IDENTIFIER = baidu.KtBacktraceLogger;
				PRODUCT_NAME = "$(TARGET_NAME)";
			};
			name = Debug;
		};
		9BA9BB681D6FEA4C00A579CA /* Release */ = {
			isa = XCBuildConfiguration;
			buildSettings = {
				ASSETCATALOG_COMPILER_APPICON_NAME = AppIcon;
				GCC_SYMBOLS_PRIVATE_EXTERN = YES;
				INFOPLIST_FILE = KtBacktraceLogger/Info.plist;
				LD_RUNPATH_SEARCH_PATHS = "$(inherited) @executable_path/Frameworks";
				PRODUCT_BUNDLE_IDENTIFIER = baidu.KtBacktraceLogger;
				PRODUCT_NAME = "$(TARGET_NAME)";
			};
			name = Release;
		};
/* End XCBuildConfiguration section */

/* Begin XCConfigurationList section */
		9BA9BB4A1D6FEA4C00A579CA /* Build configuration list for PBXProject "KtBacktraceLogger" */ = {
			isa = XCConfigurationList;
			buildConfigurations = (
				9BA9BB641D6FEA4C00A579CA /* Debug */,
				9BA9BB651D6FEA4C00A579CA /* Release */,
			);
			defaultConfigurationIsVisible = 0;
			defaultConfigurationName = Release;
		};
		9BA9BB661D6FEA4C00A579CA /* Build configuration list for PBXNativeTarget "KtBacktraceLogger" */ = {
			isa = XCConfigurationList;
			buildConfigurations = (
				9BA9BB671D6FEA4C00A579CA /* Debug */,
				9BA9BB681D6FEA4C00A579CA /* Release */,
			);
			defaultConfigurationIsVisible = 0;
			defaultConfigurationName = Release;
		};
/* End XCConfigurationList section */
	};
	rootObject = 9BA9BB471D6FEA4C00A579CA /* Project object */;
}
